
Microsoft Visual Studio Solution File, Format Version 12.00
# Visual Studio Version 17
VisualStudioVersion = 17.9.34622.214
MinimumVisualStudioVersion = 10.0.40219.1
Project("{FAE04EC0-301F-11D3-BF4B-00C04F79EFBC}") = "Task1", "Task1.csproj", "{716DD35D-7C02-42CB-90CB-C93C828D76E7}"
EndProject
Global
	GlobalSection(SolutionConfigurationPlatforms) = preSolution
		Debug|Any CPU = Debug|Any CPU
		Release|Any CPU = Release|Any CPU
	EndGlobalSection
	GlobalSection(ProjectConfigurationPlatforms) = postSolution
		{716DD35D-7C02-42CB-90CB-C93C828D76E7}.Debug|Any CPU.ActiveCfg = Debug|Any CPU
		{716DD35D-7C02-42CB-90CB-C93C828D76E7}.Debug|Any CPU.Build.0 = Debug|Any CPU
		{716DD35D-7C02-42CB-90CB-C93C828D76E7}.Release|Any CPU.ActiveCfg = Release|Any CPU
		{716DD35D-7C02-42CB-90CB-C93C828D76E7}.Release|Any CPU.Build.0 = Release|Any CPU
	EndGlobalSection
	GlobalSection(SolutionProperties) = preSolution
		HideSolutionNode = FALSE
	EndGlobalSection
	GlobalSection(ExtensibilityGlobals) = postSolution
		SolutionGuid = {C28C4733-AD68-4600-8586-46407C8183A2}
	EndGlobalSection
EndGlobal
